Microsoft Visual Studio Solution File, Format Version 12.00
# Visual Studio 2013
Project("{8BC9CEB8-8B4A-11D0-8D11-00A0C91BC942}") = "ALL_BUILD", "ALL_BUILD.vcxproj", "{9A5144D4-0944-4AE6-A4BC-3B0EDE2BC4C7}"
	ProjectSection(ProjectDependencies) = postProject
		{DCC1F91E-C920-4C30-8012-9030000A76D3} = {DCC1F91E-C920-4C30-8012-9030000A76D3}
		{17F3A170-06ED-45AC-B11A-743D275F1CF5} = {17F3A170-06ED-45AC-B11A-743D275F1CF5}
		{ABFB7EC4-438C-4C3E-BA69-52C623FAF398} = {ABFB7EC4-438C-4C3E-BA69-52C623FAF398}
		{1D019967-C513-4D20-B35F-B965F3A9ADFE} = {1D019967-C513-4D20-B35F-B965F3A9ADFE}
		{CCF843B5-78A9-401A-A312-9E34861427B7} = {CCF843B5-78A9-401A-A312-9E34861427B7}
		{E8948901-C836-48AB-A55C-75B7F048B467} = {E8948901-C836-48AB-A55C-75B7F048B467}
		{6D6A0063-6677-4EDE-8538-90A7A3EC86E3} = {6D6A0063-6677-4EDE-8538-90A7A3EC86E3}
		{8A8F16A7-A751-4772-952C-D0259650C769} = {8A8F16A7-A751-4772-952C-D0259650C769}
		{0256EABB-8917-4718-883B-6E74376A2B56} = {0256EABB-8917-4718-883B-6E74376A2B56}
		{C400F65D-E9C8-41DF-BBDB-D1FA9AB90FFA} = {C400F65D-E9C8-41DF-BBDB-D1FA9AB90FFA}
		{2119BFD8-28F6-4673-8369-3A7B96CFCFB5} = {2119BFD8-28F6-4673-8369-3A7B96CFCFB5}
		{476683EF-66F4-45FE-91F3-3159ED9203DF} = {476683EF-66F4-45FE-91F3-3159ED9203DF}
		{8BD35708-9CAD-42F7-9036-92970A7B3CB3} = {8BD35708-9CAD-42F7-9036-92970A7B3CB3}
		{924B075B-37E9-4997-B8C9-9BD14FD86C96} = {924B075B-37E9-4997-B8C9-9BD14FD86C96}
		{A53BA48F-E7EF-4FF4-B8D5-3C8CC500F1CA} = {A53BA48F-E7EF-4FF4-B8D5-3C8CC500F1CA}
		{9D8B2A0F-27B7-41AB-B505-38AB2FCCED5E} = {9D8B2A0F-27B7-41AB-B505-38AB2FCCED5E}
		{A0B342F2-6C9E-4145-B03F-17E9CEA8E787} = {A0B342F2-6C9E-4145-B03F-17E9CEA8E787}
		{D6F14FFB-D211-4059-9D72-D8FE23F9FD1F} = {D6F14FFB-D211-4059-9D72-D8FE23F9FD1F}
		{8980E623-AB95-4EB2-8192-8EB627EF30FB} = {8980E623-AB95-4EB2-8192-8EB627EF30FB}
		{41D7D650-25D4-4086-B7D1-A5841D75CA84} = {41D7D650-25D4-4086-B7D1-A5841D75CA84}
		{37AA2591-8927-48D2-92E8-EBCE608AC1CD} = {37AA2591-8927-48D2-92E8-EBCE608AC1CD}
		{E50014DE-F0CB-4D62-8775-C290B57EE471} = {E50014DE-F0CB-4D62-8775-C290B57EE471}
		{F0CC8DCA-84EE-4D20-BDB2-66A2B0446F0D} = {F0CC8DCA-84EE-4D20-BDB2-66A2B0446F0D}
		{41EABF95-5D2D-4D00-8DC5-2EC5B537CEBD} = {41EABF95-5D2D-4D00-8DC5-2EC5B537CEBD}
		{08416400-EA92-41CE-BEEE-94C30EE91314} = {08416400-EA92-41CE-BEEE-94C30EE91314}
		{C140571D-4A82-46EF-8E0E-B4223008B25F} = {C140571D-4A82-46EF-8E0E-B4223008B25F}
		{B1D8A974-8445-487B-8598-9872C228940B} = {B1D8A974-8445-487B-8598-9872C228940B}
		{EC8A1CD1-E6F6-4A75-A1FF-80AF1C17D035} = {EC8A1CD1-E6F6-4A75-A1FF-80AF1C17D035}
		{A050F170-3368-4916-8125-EB27880F6307} = {A050F170-3368-4916-8125-EB27880F6307}
		{079F1D87-BE1A-422D-81DF-4636D4F166C5} = {079F1D87-BE1A-422D-81DF-4636D4F166C5}
		{7EC3C9A0-08B8-4C4C-8CE5-992F23E8BC68} = {7EC3C9A0-08B8-4C4C-8CE5-992F23E8BC68}
		{87D268FD-9954-4F10-A40B-AB1DAF49B479} = {87D268FD-9954-4F10-A40B-AB1DAF49B479}
		{90C7DAEA-7714-4B43-B034-8342E4E0D363} = {90C7DAEA-7714-4B43-B034-8342E4E0D363}
		{BA7FDE60-94A4-4EB3-B985-0A8BE2E967EC} = {BA7FDE60-94A4-4EB3-B985-0A8BE2E967EC}
	EndProjectSection
EndProject
Project("{8BC9CEB8-8B4A-11D0-8D11-00A0C91BC942}") = "AppBasicExampleGui", "examples\BasicDemo\AppBasicExampleGui.vcxproj", "{DCC1F91E-C920-4C30-8012-9030000A76D3}"
	ProjectSection(ProjectDependencies) = postProject
		{6D6A0063-6677-4EDE-8538-90A7A3EC86E3} = {6D6A0063-6677-4EDE-8538-90A7A3EC86E3}
		{2119BFD8-28F6-4673-8369-3A7B96CFCFB5} = {2119BFD8-28F6-4673-8369-3A7B96CFCFB5}
		{476683EF-66F4-45FE-91F3-3159ED9203DF} = {476683EF-66F4-45FE-91F3-3159ED9203DF}
		{41EABF95-5D2D-4D00-8DC5-2EC5B537CEBD} = {41EABF95-5D2D-4D00-8DC5-2EC5B537CEBD}
		{08416400-EA92-41CE-BEEE-94C30EE91314} = {08416400-EA92-41CE-BEEE-94C30EE91314}
		{87D268FD-9954-4F10-A40B-AB1DAF49B479} = {87D268FD-9954-4F10-A40B-AB1DAF49B479}
	EndProjectSection
EndProject
Project("{8BC9CEB8-8B4A-11D0-8D11-00A0C91BC942}") = "App_BasicExample", "examples\BasicDemo\App_BasicExample.vcxproj", "{17F3A170-06ED-45AC-B11A-743D275F1CF5}"
	ProjectSection(ProjectDependencies) = postProject
		{2119BFD8-28F6-4673-8369-3A7B96CFCFB5} = {2119BFD8-28F6-4673-8369-3A7B96CFCFB5}
		{476683EF-66F4-45FE-91F3-3159ED9203DF} = {476683EF-66F4-45FE-91F3-3159ED9203DF}
		{41EABF95-5D2D-4D00-8DC5-2EC5B537CEBD} = {41EABF95-5D2D-4D00-8DC5-2EC5B537CEBD}
		{87D268FD-9954-4F10-A40B-AB1DAF49B479} = {87D268FD-9954-4F10-A40B-AB1DAF49B479}
	EndProjectSection
EndProject
Project("{8BC9CEB8-8B4A-11D0-8D11-00A0C91BC942}") = "App_ExampleBrowser", "examples\ExampleBrowser\App_ExampleBrowser.vcxproj", "{ABFB7EC4-438C-4C3E-BA69-52C623FAF398}"
	ProjectSection(ProjectDependencies) = postProject
		{6D6A0063-6677-4EDE-8538-90A7A3EC86E3} = {6D6A0063-6677-4EDE-8538-90A7A3EC86E3}
		{2119BFD8-28F6-4673-8369-3A7B96CFCFB5} = {2119BFD8-28F6-4673-8369-3A7B96CFCFB5}
		{476683EF-66F4-45FE-91F3-3159ED9203DF} = {476683EF-66F4-45FE-91F3-3159ED9203DF}
		{8BD35708-9CAD-42F7-9036-92970A7B3CB3} = {8BD35708-9CAD-42F7-9036-92970A7B3CB3}
		{A53BA48F-E7EF-4FF4-B8D5-3C8CC500F1CA} = {A53BA48F-E7EF-4FF4-B8D5-3C8CC500F1CA}
		{9D8B2A0F-27B7-41AB-B505-38AB2FCCED5E} = {9D8B2A0F-27B7-41AB-B505-38AB2FCCED5E}
		{A0B342F2-6C9E-4145-B03F-17E9CEA8E787} = {A0B342F2-6C9E-4145-B03F-17E9CEA8E787}
		{41D7D650-25D4-4086-B7D1-A5841D75CA84} = {41D7D650-25D4-4086-B7D1-A5841D75CA84}
		{41EABF95-5D2D-4D00-8DC5-2EC5B537CEBD} = {41EABF95-5D2D-4D00-8DC5-2EC5B537CEBD}
		{08416400-EA92-41CE-BEEE-94C30EE91314} = {08416400-EA92-41CE-BEEE-94C30EE91314}
		{87D268FD-9954-4F10-A40B-AB1DAF49B479} = {87D268FD-9954-4F10-A40B-AB1DAF49B479}
		{BA7FDE60-94A4-4EB3-B985-0A8BE2E967EC} = {BA7FDE60-94A4-4EB3-B985-0A8BE2E967EC}
	EndProjectSection
EndProject
Project("{8BC9CEB8-8B4A-11D0-8D11-00A0C91BC942}") = "App_HelloWorld", "examples\HelloWorld\App_HelloWorld.vcxproj", "{1D019967-C513-4D20-B35F-B965F3A9ADFE}"
	ProjectSection(ProjectDependencies) = postProject
		{2119BFD8-28F6-4673-8369-3A7B96CFCFB5} = {2119BFD8-28F6-4673-8369-3A7B96CFCFB5}
		{476683EF-66F4-45FE-91F3-3159ED9203DF} = {476683EF-66F4-45FE-91F3-3159ED9203DF}
		{41EABF95-5D2D-4D00-8DC5-2EC5B537CEBD} = {41EABF95-5D2D-4D00-8DC5-2EC5B537CEBD}
		{87D268FD-9954-4F10-A40B-AB1DAF49B479} = {87D268FD-9954-4F10-A40B-AB1DAF49B479}
	EndProjectSection
EndProject
Project("{8BC9CEB8-8B4A-11D0-8D11-00A0C91BC942}") = "Bullet2FileLoader", "src\Bullet3Serialize\Bullet2FileLoader\Bullet2FileLoader.vcxproj", "{CCF843B5-78A9-401A-A312-9E34861427B7}"
	ProjectSection(ProjectDependencies) = postProject
		{87D268FD-9954-4F10-A40B-AB1DAF49B479} = {87D268FD-9954-4F10-A40B-AB1DAF49B479}
	EndProjectSection
EndProject
Project("{8BC9CEB8-8B4A-11D0-8D11-00A0C91BC942}") = "Bullet3Collision", "src\Bullet3Collision\Bullet3Collision.vcxproj", "{E8948901-C836-48AB-A55C-75B7F048B467}"
	ProjectSection(ProjectDependencies) = postProject
		{87D268FD-9954-4F10-A40B-AB1DAF49B479} = {87D268FD-9954-4F10-A40B-AB1DAF49B479}
	EndProjectSection
EndProject
Project("{8BC9CEB8-8B4A-11D0-8D11-00A0C91BC942}") = "Bullet3Common", "src\Bullet3Common\Bullet3Common.vcxproj", "{6D6A0063-6677-4EDE-8538-90A7A3EC86E3}"
	ProjectSection(ProjectDependencies) = postProject
		{87D268FD-9954-4F10-A40B-AB1DAF49B479} = {87D268FD-9954-4F10-A40B-AB1DAF49B479}
	EndProjectSection
EndProject
Project("{8BC9CEB8-8B4A-11D0-8D11-00A0C91BC942}") = "Bullet3Dynamics", "src\Bullet3Dynamics\Bullet3Dynamics.vcxproj", "{8A8F16A7-A751-4772-952C-D0259650C769}"
	ProjectSection(ProjectDependencies) = postProject
		{87D268FD-9954-4F10-A40B-AB1DAF49B479} = {87D268FD-9954-4F10-A40B-AB1DAF49B479}
	EndProjectSection
EndProject
Project("{8BC9CEB8-8B4A-11D0-8D11-00A0C91BC942}") = "Bullet3Geometry", "src\Bullet3Geometry\Bullet3Geometry.vcxproj", "{0256EABB-8917-4718-883B-6E74376A2B56}"
	ProjectSection(ProjectDependencies) = postProject
		{87D268FD-9954-4F10-A40B-AB1DAF49B479} = {87D268FD-9954-4F10-A40B-AB1DAF49B479}
	EndProjectSection
EndProject
Project("{8BC9CEB8-8B4A-11D0-8D11-00A0C91BC942}") = "Bullet3OpenCL_clew", "src\Bullet3OpenCL\Bullet3OpenCL_clew.vcxproj", "{C400F65D-E9C8-41DF-BBDB-D1FA9AB90FFA}"
	ProjectSection(ProjectDependencies) = postProject
		{87D268FD-9954-4F10-A40B-AB1DAF49B479} = {87D268FD-9954-4F10-A40B-AB1DAF49B479}
	EndProjectSection
EndProject
Project("{8BC9CEB8-8B4A-11D0-8D11-00A0C91BC942}") = "BulletCollision", "src\BulletCollision\BulletCollision.vcxproj", "{2119BFD8-28F6-4673-8369-3A7B96CFCFB5}"
	ProjectSection(ProjectDependencies) = postProject
		{87D268FD-9954-4F10-A40B-AB1DAF49B479} = {87D268FD-9954-4F10-A40B-AB1DAF49B479}
	EndProjectSection
EndProject
Project("{8BC9CEB8-8B4A-11D0-8D11-00A0C91BC942}") = "BulletDynamics", "src\BulletDynamics\BulletDynamics.vcxproj", "{476683EF-66F4-45FE-91F3-3159ED9203DF}"
	ProjectSection(ProjectDependencies) = postProject
		{87D268FD-9954-4F10-A40B-AB1DAF49B479} = {87D268FD-9954-4F10-A40B-AB1DAF49B479}
	EndProjectSection
EndProject
Project("{8BC9CEB8-8B4A-11D0-8D11-00A0C91BC942}") = "BulletExampleBrowserLib", "examples\ExampleBrowser\BulletExampleBrowserLib.vcxproj", "{8BD35708-9CAD-42F7-9036-92970A7B3CB3}"
	ProjectSection(ProjectDependencies) = postProject
		{87D268FD-9954-4F10-A40B-AB1DAF49B479} = {87D268FD-9954-4F10-A40B-AB1DAF49B479}
	EndProjectSection
EndProject
Project("{8BC9CEB8-8B4A-11D0-8D11-00A0C91BC942}") = "BulletFileLoader", "Extras\Serialize\BulletFileLoader\BulletFileLoader.vcxproj", "{924B075B-37E9-4997-B8C9-9BD14FD86C96}"
	ProjectSection(ProjectDependencies) = postProject
		{87D268FD-9954-4F10-A40B-AB1DAF49B479} = {87D268FD-9954-4F10-A40B-AB1DAF49B479}
	EndProjectSection
EndProject
Project("{8BC9CEB8-8B4A-11D0-8D11-00A0C91BC942}") = "BulletInverseDynamics", "src\BulletInverseDynamics\BulletInverseDynamics.vcxproj", "{A53BA48F-E7EF-4FF4-B8D5-3C8CC500F1CA}"
	ProjectSection(ProjectDependencies) = postProject
		{87D268FD-9954-4F10-A40B-AB1DAF49B479} = {87D268FD-9954-4F10-A40B-AB1DAF49B479}
	EndProjectSection
EndProject
Project("{8BC9CEB8-8B4A-11D0-8D11-00A0C91BC942}") = "BulletInverseDynamicsUtils", "Extras\InverseDynamics\BulletInverseDynamicsUtils.vcxproj", "{9D8B2A0F-27B7-41AB-B505-38AB2FCCED5E}"
	ProjectSection(ProjectDependencies) = postProject
		{87D268FD-9954-4F10-A40B-AB1DAF49B479} = {87D268FD-9954-4F10-A40B-AB1DAF49B479}
	EndProjectSection
EndProject
Project("{8BC9CEB8-8B4A-11D0-8D11-00A0C91BC942}") = "BulletSoftBody", "src\BulletSoftBody\BulletSoftBody.vcxproj", "{A0B342F2-6C9E-4145-B03F-17E9CEA8E787}"
	ProjectSection(ProjectDependencies) = postProject
		{87D268FD-9954-4F10-A40B-AB1DAF49B479} = {87D268FD-9954-4F10-A40B-AB1DAF49B479}
	EndProjectSection
EndProject
Project("{8BC9CEB8-8B4A-11D0-8D11-00A0C91BC942}") = "BulletWorldImporter", "Extras\Serialize\BulletWorldImporter\BulletWorldImporter.vcxproj", "{D6F14FFB-D211-4059-9D72-D8FE23F9FD1F}"
	ProjectSection(ProjectDependencies) = postProject
		{87D268FD-9954-4F10-A40B-AB1DAF49B479} = {87D268FD-9954-4F10-A40B-AB1DAF49B479}
	EndProjectSection
EndProject
Project("{8BC9CEB8-8B4A-11D0-8D11-00A0C91BC942}") = "BulletXmlWorldImporter", "Extras\Serialize\BulletXmlWorldImporter\BulletXmlWorldImporter.vcxproj", "{8980E623-AB95-4EB2-8192-8EB627EF30FB}"
	ProjectSection(ProjectDependencies) = postProject
		{87D268FD-9954-4F10-A40B-AB1DAF49B479} = {87D268FD-9954-4F10-A40B-AB1DAF49B479}
	EndProjectSection
EndProject
Project("{8BC9CEB8-8B4A-11D0-8D11-00A0C91BC942}") = "BussIK", "examples\ThirdPartyLibs\BussIK\BussIK.vcxproj", "{41D7D650-25D4-4086-B7D1-A5841D75CA84}"
	ProjectSection(ProjectDependencies) = postProject
		{87D268FD-9954-4F10-A40B-AB1DAF49B479} = {87D268FD-9954-4F10-A40B-AB1DAF49B479}
	EndProjectSection
EndProject
Project("{8BC9CEB8-8B4A-11D0-8D11-00A0C91BC942}") = "ConvexDecomposition", "Extras\ConvexDecomposition\ConvexDecomposition.vcxproj", "{37AA2591-8927-48D2-92E8-EBCE608AC1CD}"
	ProjectSection(ProjectDependencies) = postProject
		{87D268FD-9954-4F10-A40B-AB1DAF49B479} = {87D268FD-9954-4F10-A40B-AB1DAF49B479}
	EndProjectSection
EndProject
Project("{8BC9CEB8-8B4A-11D0-8D11-00A0C91BC942}") = "GIMPACTUtils", "Extras\GIMPACTUtils\GIMPACTUtils.vcxproj", "{E50014DE-F0CB-4D62-8775-C290B57EE471}"
	ProjectSection(ProjectDependencies) = postProject
		{87D268FD-9954-4F10-A40B-AB1DAF49B479} = {87D268FD-9954-4F10-A40B-AB1DAF49B479}
	EndProjectSection
EndProject
Project("{8BC9CEB8-8B4A-11D0-8D11-00A0C91BC942}") = "HACD", "Extras\HACD\HACD.vcxproj", "{F0CC8DCA-84EE-4D20-BDB2-66A2B0446F0D}"
	ProjectSection(ProjectDependencies) = postProject
		{87D268FD-9954-4F10-A40B-AB1DAF49B479} = {87D268FD-9954-4F10-A40B-AB1DAF49B479}
	EndProjectSection
EndProject
Project("{8BC9CEB8-8B4A-11D0-8D11-00A0C91BC942}") = "INSTALL", "INSTALL.vcxproj", "{56B25A54-464F-45C4-89B5-B0EBDCB87C25}"
	ProjectSection(ProjectDependencies) = postProject
		{9A5144D4-0944-4AE6-A4BC-3B0EDE2BC4C7} = {9A5144D4-0944-4AE6-A4BC-3B0EDE2BC4C7}
	EndProjectSection
EndProject
Project("{8BC9CEB8-8B4A-11D0-8D11-00A0C91BC942}") = "LinearMath", "src\LinearMath\LinearMath.vcxproj", "{41EABF95-5D2D-4D00-8DC5-2EC5B537CEBD}"
	ProjectSection(ProjectDependencies) = postProject
		{87D268FD-9954-4F10-A40B-AB1DAF49B479} = {87D268FD-9954-4F10-A40B-AB1DAF49B479}
	EndProjectSection
EndProject
Project("{8BC9CEB8-8B4A-11D0-8D11-00A0C91BC942}") = "OpenGLWindow", "examples\OpenGLWindow\OpenGLWindow.vcxproj", "{08416400-EA92-41CE-BEEE-94C30EE91314}"
	ProjectSection(ProjectDependencies) = postProject
		{87D268FD-9954-4F10-A40B-AB1DAF49B479} = {87D268FD-9954-4F10-A40B-AB1DAF49B479}
	EndProjectSection
EndProject
Project("{8BC9CEB8-8B4A-11D0-8D11-00A0C91BC942}") = "RUN_TESTS", "RUN_TESTS.vcxproj", "{FDBF27DA-F761-4B38-B691-0E0E5280E893}"
	ProjectSection(ProjectDependencies) = postProject
	EndProjectSection
EndProject
Project("{8BC9CEB8-8B4A-11D0-8D11-00A0C91BC942}") = "Test_BulletDynamics", "test\BulletDynamics\pendulum\Test_BulletDynamics.vcxproj", "{C140571D-4A82-46EF-8E0E-B4223008B25F}"
	ProjectSection(ProjectDependencies) = postProject
		{2119BFD8-28F6-4673-8369-3A7B96CFCFB5} = {2119BFD8-28F6-4673-8369-3A7B96CFCFB5}
		{476683EF-66F4-45FE-91F3-3159ED9203DF} = {476683EF-66F4-45FE-91F3-3159ED9203DF}
		{41EABF95-5D2D-4D00-8DC5-2EC5B537CEBD} = {41EABF95-5D2D-4D00-8DC5-2EC5B537CEBD}
		{87D268FD-9954-4F10-A40B-AB1DAF49B479} = {87D268FD-9954-4F10-A40B-AB1DAF49B479}
		{90C7DAEA-7714-4B43-B034-8342E4E0D363} = {90C7DAEA-7714-4B43-B034-8342E4E0D363}
	EndProjectSection
EndProject
Project("{8BC9CEB8-8B4A-11D0-8D11-00A0C91BC942}") = "Test_BulletInverseDynamics", "test\InverseDynamics\Test_BulletInverseDynamics.vcxproj", "{B1D8A974-8445-487B-8598-9872C228940B}"
	ProjectSection(ProjectDependencies) = postProject
		{6D6A0063-6677-4EDE-8538-90A7A3EC86E3} = {6D6A0063-6677-4EDE-8538-90A7A3EC86E3}
		{2119BFD8-28F6-4673-8369-3A7B96CFCFB5} = {2119BFD8-28F6-4673-8369-3A7B96CFCFB5}
		{476683EF-66F4-45FE-91F3-3159ED9203DF} = {476683EF-66F4-45FE-91F3-3159ED9203DF}
		{A53BA48F-E7EF-4FF4-B8D5-3C8CC500F1CA} = {A53BA48F-E7EF-4FF4-B8D5-3C8CC500F1CA}
		{9D8B2A0F-27B7-41AB-B505-38AB2FCCED5E} = {9D8B2A0F-27B7-41AB-B505-38AB2FCCED5E}
		{41EABF95-5D2D-4D00-8DC5-2EC5B537CEBD} = {41EABF95-5D2D-4D00-8DC5-2EC5B537CEBD}
		{87D268FD-9954-4F10-A40B-AB1DAF49B479} = {87D268FD-9954-4F10-A40B-AB1DAF49B479}
		{90C7DAEA-7714-4B43-B034-8342E4E0D363} = {90C7DAEA-7714-4B43-B034-8342E4E0D363}
	EndProjectSection
EndProject
Project("{8BC9CEB8-8B4A-11D0-8D11-00A0C91BC942}") = "Test_BulletInverseDynamicsJacobian", "test\InverseDynamics\Test_BulletInverseDynamicsJacobian.vcxproj", "{EC8A1CD1-E6F6-4A75-A1FF-80AF1C17D035}"
	ProjectSection(ProjectDependencies) = postProject
		{6D6A0063-6677-4EDE-8538-90A7A3EC86E3} = {6D6A0063-6677-4EDE-8538-90A7A3EC86E3}
		{A53BA48F-E7EF-4FF4-B8D5-3C8CC500F1CA} = {A53BA48F-E7EF-4FF4-B8D5-3C8CC500F1CA}
		{9D8B2A0F-27B7-41AB-B505-38AB2FCCED5E} = {9D8B2A0F-27B7-41AB-B505-38AB2FCCED5E}
		{41EABF95-5D2D-4D00-8DC5-2EC5B537CEBD} = {41EABF95-5D2D-4D00-8DC5-2EC5B537CEBD}
		{87D268FD-9954-4F10-A40B-AB1DAF49B479} = {87D268FD-9954-4F10-A40B-AB1DAF49B479}
		{90C7DAEA-7714-4B43-B034-8342E4E0D363} = {90C7DAEA-7714-4B43-B034-8342E4E0D363}
	EndProjectSection
EndProject
Project("{8BC9CEB8-8B4A-11D0-8D11-00A0C91BC942}") = "Test_BulletInverseForwardDynamics", "test\InverseDynamics\Test_BulletInverseForwardDynamics.vcxproj", "{A050F170-3368-4916-8125-EB27880F6307}"
	ProjectSection(ProjectDependencies) = postProject
		{6D6A0063-6677-4EDE-8538-90A7A3EC86E3} = {6D6A0063-6677-4EDE-8538-90A7A3EC86E3}
		{2119BFD8-28F6-4673-8369-3A7B96CFCFB5} = {2119BFD8-28F6-4673-8369-3A7B96CFCFB5}
		{476683EF-66F4-45FE-91F3-3159ED9203DF} = {476683EF-66F4-45FE-91F3-3159ED9203DF}
		{A53BA48F-E7EF-4FF4-B8D5-3C8CC500F1CA} = {A53BA48F-E7EF-4FF4-B8D5-3C8CC500F1CA}
		{9D8B2A0F-27B7-41AB-B505-38AB2FCCED5E} = {9D8B2A0F-27B7-41AB-B505-38AB2FCCED5E}
		{41EABF95-5D2D-4D00-8DC5-2EC5B537CEBD} = {41EABF95-5D2D-4D00-8DC5-2EC5B537CEBD}
		{87D268FD-9954-4F10-A40B-AB1DAF49B479} = {87D268FD-9954-4F10-A40B-AB1DAF49B479}
		{90C7DAEA-7714-4B43-B034-8342E4E0D363} = {90C7DAEA-7714-4B43-B034-8342E4E0D363}
	EndProjectSection
EndProject
Project("{8BC9CEB8-8B4A-11D0-8D11-00A0C91BC942}") = "Test_Collision", "test\collision\Test_Collision.vcxproj", "{079F1D87-BE1A-422D-81DF-4636D4F166C5}"
	ProjectSection(ProjectDependencies) = postProject
		{41EABF95-5D2D-4D00-8DC5-2EC5B537CEBD} = {41EABF95-5D2D-4D00-8DC5-2EC5B537CEBD}
		{87D268FD-9954-4F10-A40B-AB1DAF49B479} = {87D268FD-9954-4F10-A40B-AB1DAF49B479}
		{90C7DAEA-7714-4B43-B034-8342E4E0D363} = {90C7DAEA-7714-4B43-B034-8342E4E0D363}
	EndProjectSection
EndProject
Project("{8BC9CEB8-8B4A-11D0-8D11-00A0C91BC942}") = "Test_PhysicsClientServer", "test\SharedMemory\Test_PhysicsClientServer.vcxproj", "{7EC3C9A0-08B8-4C4C-8CE5-992F23E8BC68}"
	ProjectSection(ProjectDependencies) = postProject
		{6D6A0063-6677-4EDE-8538-90A7A3EC86E3} = {6D6A0063-6677-4EDE-8538-90A7A3EC86E3}
		{2119BFD8-28F6-4673-8369-3A7B96CFCFB5} = {2119BFD8-28F6-4673-8369-3A7B96CFCFB5}
		{476683EF-66F4-45FE-91F3-3159ED9203DF} = {476683EF-66F4-45FE-91F3-3159ED9203DF}
		{924B075B-37E9-4997-B8C9-9BD14FD86C96} = {924B075B-37E9-4997-B8C9-9BD14FD86C96}
		{A53BA48F-E7EF-4FF4-B8D5-3C8CC500F1CA} = {A53BA48F-E7EF-4FF4-B8D5-3C8CC500F1CA}
		{9D8B2A0F-27B7-41AB-B505-38AB2FCCED5E} = {9D8B2A0F-27B7-41AB-B505-38AB2FCCED5E}
		{D6F14FFB-D211-4059-9D72-D8FE23F9FD1F} = {D6F14FFB-D211-4059-9D72-D8FE23F9FD1F}
		{41D7D650-25D4-4086-B7D1-A5841D75CA84} = {41D7D650-25D4-4086-B7D1-A5841D75CA84}
		{41EABF95-5D2D-4D00-8DC5-2EC5B537CEBD} = {41EABF95-5D2D-4D00-8DC5-2EC5B537CEBD}
		{87D268FD-9954-4F10-A40B-AB1DAF49B479} = {87D268FD-9954-4F10-A40B-AB1DAF49B479}
		{90C7DAEA-7714-4B43-B034-8342E4E0D363} = {90C7DAEA-7714-4B43-B034-8342E4E0D363}
	EndProjectSection
EndProject
Project("{8BC9CEB8-8B4A-11D0-8D11-00A0C91BC942}") = "ZERO_CHECK", "ZERO_CHECK.vcxproj", "{87D268FD-9954-4F10-A40B-AB1DAF49B479}"
	ProjectSection(ProjectDependencies) = postProject
	EndProjectSection
EndProject
Project("{8BC9CEB8-8B4A-11D0-8D11-00A0C91BC942}") = "gtest", "test\gtest-1.7.0\gtest.vcxproj", "{90C7DAEA-7714-4B43-B034-8342E4E0D363}"
	ProjectSection(ProjectDependencies) = postProject
		{87D268FD-9954-4F10-A40B-AB1DAF49B479} = {87D268FD-9954-4F10-A40B-AB1DAF49B479}
	EndProjectSection
EndProject
Project("{8BC9CEB8-8B4A-11D0-8D11-00A0C91BC942}") = "gwen", "examples\ThirdPartyLibs\Gwen\gwen.vcxproj", "{BA7FDE60-94A4-4EB3-B985-0A8BE2E967EC}"
	ProjectSection(ProjectDependencies) = postProject
		{87D268FD-9954-4F10-A40B-AB1DAF49B479} = {87D268FD-9954-4F10-A40B-AB1DAF49B479}
	EndProjectSection
EndProject
Global
	GlobalSection(SolutionConfigurationPlatforms) = preSolution
		Debug|Win32 = Debug|Win32
		Release|Win32 = Release|Win32
		MinSizeRel|Win32 = MinSizeRel|Win32
		RelWithDebInfo|Win32 = RelWithDebInfo|Win32
	EndGlobalSection
	GlobalSection(ProjectConfigurationPlatforms) = postSolution
		{9A5144D4-0944-4AE6-A4BC-3B0EDE2BC4C7}.Debug|Win32.ActiveCfg = Debug|Win32
		{9A5144D4-0944-4AE6-A4BC-3B0EDE2BC4C7}.Debug|Win32.Build.0 = Debug|Win32
		{9A5144D4-0944-4AE6-A4BC-3B0EDE2BC4C7}.Release|Win32.ActiveCfg = Release|Win32
		{9A5144D4-0944-4AE6-A4BC-3B0EDE2BC4C7}.Release|Win32.Build.0 = Release|Win32
		{9A5144D4-0944-4AE6-A4BC-3B0EDE2BC4C7}.MinSizeRel|Win32.ActiveCfg = MinSizeRel|Win32
		{9A5144D4-0944-4AE6-A4BC-3B0EDE2BC4C7}.MinSizeRel|Win32.Build.0 = MinSizeRel|Win32
		{9A5144D4-0944-4AE6-A4BC-3B0EDE2BC4C7}.RelWithDebInfo|Win32.ActiveCfg = RelWithDebInfo|Win32
		{9A5144D4-0944-4AE6-A4BC-3B0EDE2BC4C7}.RelWithDebInfo|Win32.Build.0 = RelWithDebInfo|Win32
		{DCC1F91E-C920-4C30-8012-9030000A76D3}.Debug|Win32.ActiveCfg = Debug|Win32
		{DCC1F91E-C920-4C30-8012-9030000A76D3}.Debug|Win32.Build.0 = Debug|Win32
		{DCC1F91E-C920-4C30-8012-9030000A76D3}.Release|Win32.ActiveCfg = Release|Win32
		{DCC1F91E-C920-4C30-8012-9030000A76D3}.Release|Win32.Build.0 = Release|Win32
		{DCC1F91E-C920-4C30-8012-9030000A76D3}.MinSizeRel|Win32.ActiveCfg = MinSizeRel|Win32
		{DCC1F91E-C920-4C30-8012-9030000A76D3}.MinSizeRel|Win32.Build.0 = MinSizeRel|Win32
		{DCC1F91E-C920-4C30-8012-9030000A76D3}.RelWithDebInfo|Win32.ActiveCfg = RelWithDebInfo|Win32
		{DCC1F91E-C920-4C30-8012-9030000A76D3}.RelWithDebInfo|Win32.Build.0 = RelWithDebInfo|Win32
		{17F3A170-06ED-45AC-B11A-743D275F1CF5}.Debug|Win32.ActiveCfg = Debug|Win32
		{17F3A170-06ED-45AC-B11A-743D275F1CF5}.Debug|Win32.Build.0 = Debug|Win32
		{17F3A170-06ED-45AC-B11A-743D275F1CF5}.Release|Win32.ActiveCfg = Release|Win32
		{17F3A170-06ED-45AC-B11A-743D275F1CF5}.Release|Win32.Build.0 = Release|Win32
		{17F3A170-06ED-45AC-B11A-743D275F1CF5}.MinSizeRel|Win32.ActiveCfg = MinSizeRel|Win32
		{17F3A170-06ED-45AC-B11A-743D275F1CF5}.MinSizeRel|Win32.Build.0 = MinSizeRel|Win32
		{17F3A170-06ED-45AC-B11A-743D275F1CF5}.RelWithDebInfo|Win32.ActiveCfg = RelWithDebInfo|Win32
		{17F3A170-06ED-45AC-B11A-743D275F1CF5}.RelWithDebInfo|Win32.Build.0 = RelWithDebInfo|Win32
		{ABFB7EC4-438C-4C3E-BA69-52C623FAF398}.Debug|Win32.ActiveCfg = Debug|Win32
		{ABFB7EC4-438C-4C3E-BA69-52C623FAF398}.Debug|Win32.Build.0 = Debug|Win32
		{ABFB7EC4-438C-4C3E-BA69-52C623FAF398}.Release|Win32.ActiveCfg = Release|Win32
		{ABFB7EC4-438C-4C3E-BA69-52C623FAF398}.Release|Win32.Build.0 = Release|Win32
		{ABFB7EC4-438C-4C3E-BA69-52C623FAF398}.MinSizeRel|Win32.ActiveCfg = MinSizeRel|Win32
		{ABFB7EC4-438C-4C3E-BA69-52C623FAF398}.MinSizeRel|Win32.Build.0 = MinSizeRel|Win32
		{ABFB7EC4-438C-4C3E-BA69-52C623FAF398}.RelWithDebInfo|Win32.ActiveCfg = RelWithDebInfo|Win32
		{ABFB7EC4-438C-4C3E-BA69-52C623FAF398}.RelWithDebInfo|Win32.Build.0 = RelWithDebInfo|Win32
		{1D019967-C513-4D20-B35F-B965F3A9ADFE}.Debug|Win32.ActiveCfg = Debug|Win32
		{1D019967-C513-4D20-B35F-B965F3A9ADFE}.Debug|Win32.Build.0 = Debug|Win32
		{1D019967-C513-4D20-B35F-B965F3A9ADFE}.Release|Win32.ActiveCfg = Release|Win32
		{1D019967-C513-4D20-B35F-B965F3A9ADFE}.Release|Win32.Build.0 = Release|Win32
		{1D019967-C513-4D20-B35F-B965F3A9ADFE}.MinSizeRel|Win32.ActiveCfg = MinSizeRel|Win32
		{1D019967-C513-4D20-B35F-B965F3A9ADFE}.MinSizeRel|Win32.Build.0 = MinSizeRel|Win32
		{1D019967-C513-4D20-B35F-B965F3A9ADFE}.RelWithDebInfo|Win32.ActiveCfg = RelWithDebInfo|Win32
		{1D019967-C513-4D20-B35F-B965F3A9ADFE}.RelWithDebInfo|Win32.Build.0 = RelWithDebInfo|Win32
		{CCF843B5-78A9-401A-A312-9E34861427B7}.Debug|Win32.ActiveCfg = Debug|Win32
		{CCF843B5-78A9-401A-A312-9E34861427B7}.Debug|Win32.Build.0 = Debug|Win32
		{CCF843B5-78A9-401A-A312-9E34861427B7}.Release|Win32.ActiveCfg = Release|Win32
		{CCF843B5-78A9-401A-A312-9E34861427B7}.Release|Win32.Build.0 = Release|Win32
		{CCF843B5-78A9-401A-A312-9E34861427B7}.MinSizeRel|Win32.ActiveCfg = MinSizeRel|Win32
		{CCF843B5-78A9-401A-A312-9E34861427B7}.MinSizeRel|Win32.Build.0 = MinSizeRel|Win32
		{CCF843B5-78A9-401A-A312-9E34861427B7}.RelWithDebInfo|Win32.ActiveCfg = RelWithDebInfo|Win32
		{CCF843B5-78A9-401A-A312-9E34861427B7}.RelWithDebInfo|Win32.Build.0 = RelWithDebInfo|Win32
		{E8948901-C836-48AB-A55C-75B7F048B467}.Debug|Win32.ActiveCfg = Debug|Win32
		{E8948901-C836-48AB-A55C-75B7F048B467}.Debug|Win32.Build.0 = Debug|Win32
		{E8948901-C836-48AB-A55C-75B7F048B467}.Release|Win32.ActiveCfg = Release|Win32
		{E8948901-C836-48AB-A55C-75B7F048B467}.Release|Win32.Build.0 = Release|Win32
		{E8948901-C836-48AB-A55C-75B7F048B467}.MinSizeRel|Win32.ActiveCfg = MinSizeRel|Win32
		{E8948901-C836-48AB-A55C-75B7F048B467}.MinSizeRel|Win32.Build.0 = MinSizeRel|Win32
		{E8948901-C836-48AB-A55C-75B7F048B467}.RelWithDebInfo|Win32.ActiveCfg = RelWithDebInfo|Win32
		{E8948901-C836-48AB-A55C-75B7F048B467}.RelWithDebInfo|Win32.Build.0 = RelWithDebInfo|Win32
		{6D6A0063-6677-4EDE-8538-90A7A3EC86E3}.Debug|Win32.ActiveCfg = Debug|Win32
		{6D6A0063-6677-4EDE-8538-90A7A3EC86E3}.Debug|Win32.Build.0 = Debug|Win32
		{6D6A0063-6677-4EDE-8538-90A7A3EC86E3}.Release|Win32.ActiveCfg = Release|Win32
		{6D6A0063-6677-4EDE-8538-90A7A3EC86E3}.Release|Win32.Build.0 = Release|Win32
		{6D6A0063-6677-4EDE-8538-90A7A3EC86E3}.MinSizeRel|Win32.ActiveCfg = MinSizeRel|Win32
		{6D6A0063-6677-4EDE-8538-90A7A3EC86E3}.MinSizeRel|Win32.Build.0 = MinSizeRel|Win32
		{6D6A0063-6677-4EDE-8538-90A7A3EC86E3}.RelWithDebInfo|Win32.ActiveCfg = RelWithDebInfo|Win32
		{6D6A0063-6677-4EDE-8538-90A7A3EC86E3}.RelWithDebInfo|Win32.Build.0 = RelWithDebInfo|Win32
		{8A8F16A7-A751-4772-952C-D0259650C769}.Debug|Win32.ActiveCfg = Debug|Win32
		{8A8F16A7-A751-4772-952C-D0259650C769}.Debug|Win32.Build.0 = Debug|Win32
		{8A8F16A7-A751-4772-952C-D0259650C769}.Release|Win32.ActiveCfg = Release|Win32
		{8A8F16A7-A751-4772-952C-D0259650C769}.Release|Win32.Build.0 = Release|Win32
		{8A8F16A7-A751-4772-952C-D0259650C769}.MinSizeRel|Win32.ActiveCfg = MinSizeRel|Win32
		{8A8F16A7-A751-4772-952C-D0259650C769}.MinSizeRel|Win32.Build.0 = MinSizeRel|Win32
		{8A8F16A7-A751-4772-952C-D0259650C769}.RelWithDebInfo|Win32.ActiveCfg = RelWithDebInfo|Win32
		{8A8F16A7-A751-4772-952C-D0259650C769}.RelWithDebInfo|Win32.Build.0 = RelWithDebInfo|Win32
		{0256EABB-8917-4718-883B-6E74376A2B56}.Debug|Win32.ActiveCfg = Debug|Win32
		{0256EABB-8917-4718-883B-6E74376A2B56}.Debug|Win32.Build.0 = Debug|Win32
		{0256EABB-8917-4718-883B-6E74376A2B56}.Release|Win32.ActiveCfg = Release|Win32
		{0256EABB-8917-4718-883B-6E74376A2B56}.Release|Win32.Build.0 = Release|Win32
		{0256EABB-8917-4718-883B-6E74376A2B56}.MinSizeRel|Win32.ActiveCfg = MinSizeRel|Win32
		{0256EABB-8917-4718-883B-6E74376A2B56}.MinSizeRel|Win32.Build.0 = MinSizeRel|Win32
		{0256EABB-8917-4718-883B-6E74376A2B56}.RelWithDebInfo|Win32.ActiveCfg = RelWithDebInfo|Win32
		{0256EABB-8917-4718-883B-6E74376A2B56}.RelWithDebInfo|Win32.Build.0 = RelWithDebInfo|Win32
		{C400F65D-E9C8-41DF-BBDB-D1FA9AB90FFA}.Debug|Win32.ActiveCfg = Debug|Win32
		{C400F65D-E9C8-41DF-BBDB-D1FA9AB90FFA}.Debug|Win32.Build.0 = Debug|Win32
		{C400F65D-E9C8-41DF-BBDB-D1FA9AB90FFA}.Release|Win32.ActiveCfg = Release|Win32
		{C400F65D-E9C8-41DF-BBDB-D1FA9AB90FFA}.Release|Win32.Build.0 = Release|Win32
		{C400F65D-E9C8-41DF-BBDB-D1FA9AB90FFA}.MinSizeRel|Win32.ActiveCfg = MinSizeRel|Win32
		{C400F65D-E9C8-41DF-BBDB-D1FA9AB90FFA}.MinSizeRel|Win32.Build.0 = MinSizeRel|Win32
		{C400F65D-E9C8-41DF-BBDB-D1FA9AB90FFA}.RelWithDebInfo|Win32.ActiveCfg = RelWithDebInfo|Win32
		{C400F65D-E9C8-41DF-BBDB-D1FA9AB90FFA}.RelWithDebInfo|Win32.Build.0 = RelWithDebInfo|Win32
		{2119BFD8-28F6-4673-8369-3A7B96CFCFB5}.Debug|Win32.ActiveCfg = Debug|Win32
		{2119BFD8-28F6-4673-8369-3A7B96CFCFB5}.Debug|Win32.Build.0 = Debug|Win32
		{2119BFD8-28F6-4673-8369-3A7B96CFCFB5}.Release|Win32.ActiveCfg = Release|Win32
		{2119BFD8-28F6-4673-8369-3A7B96CFCFB5}.Release|Win32.Build.0 = Release|Win32
		{2119BFD8-28F6-4673-8369-3A7B96CFCFB5}.MinSizeRel|Win32.ActiveCfg = MinSizeRel|Win32
		{2119BFD8-28F6-4673-8369-3A7B96CFCFB5}.MinSizeRel|Win32.Build.0 = MinSizeRel|Win32
		{2119BFD8-28F6-4673-8369-3A7B96CFCFB5}.RelWithDebInfo|Win32.ActiveCfg = RelWithDebInfo|Win32
		{2119BFD8-28F6-4673-8369-3A7B96CFCFB5}.RelWithDebInfo|Win32.Build.0 = RelWithDebInfo|Win32
		{476683EF-66F4-45FE-91F3-3159ED9203DF}.Debug|Win32.ActiveCfg = Debug|Win32
		{476683EF-66F4-45FE-91F3-3159ED9203DF}.Debug|Win32.Build.0 = Debug|Win32
		{476683EF-66F4-45FE-91F3-3159ED9203DF}.Release|Win32.ActiveCfg = Release|Win32
		{476683EF-66F4-45FE-91F3-3159ED9203DF}.Release|Win32.Build.0 = Release|Win32
		{476683EF-66F4-45FE-91F3-3159ED9203DF}.MinSizeRel|Win32.ActiveCfg = MinSizeRel|Win32
		{476683EF-66F4-45FE-91F3-3159ED9203DF}.MinSizeRel|Win32.Build.0 = MinSizeRel|Win32
		{476683EF-66F4-45FE-91F3-3159ED9203DF}.RelWithDebInfo|Win32.ActiveCfg = RelWithDebInfo|Win32
		{476683EF-66F4-45FE-91F3-3159ED9203DF}.RelWithDebInfo|Win32.Build.0 = RelWithDebInfo|Win32
		{8BD35708-9CAD-42F7-9036-92970A7B3CB3}.Debug|Win32.ActiveCfg = Debug|Win32
		{8BD35708-9CAD-42F7-9036-92970A7B3CB3}.Debug|Win32.Build.0 = Debug|Win32
		{8BD35708-9CAD-42F7-9036-92970A7B3CB3}.Release|Win32.ActiveCfg = Release|Win32
		{8BD35708-9CAD-42F7-9036-92970A7B3CB3}.Release|Win32.Build.0 = Release|Win32
		{8BD35708-9CAD-42F7-9036-92970A7B3CB3}.MinSizeRel|Win32.ActiveCfg = MinSizeRel|Win32
		{8BD35708-9CAD-42F7-9036-92970A7B3CB3}.MinSizeRel|Win32.Build.0 = MinSizeRel|Win32
		{8BD35708-9CAD-42F7-9036-92970A7B3CB3}.RelWithDebInfo|Win32.ActiveCfg = RelWithDebInfo|Win32
		{8BD35708-9CAD-42F7-9036-92970A7B3CB3}.RelWithDebInfo|Win32.Build.0 = RelWithDebInfo|Win32
		{924B075B-37E9-4997-B8C9-9BD14FD86C96}.Debug|Win32.ActiveCfg = Debug|Win32
		{924B075B-37E9-4997-B8C9-9BD14FD86C96}.Debug|Win32.Build.0 = Debug|Win32
		{924B075B-37E9-4997-B8C9-9BD14FD86C96}.Release|Win32.ActiveCfg = Release|Win32
		{924B075B-37E9-4997-B8C9-9BD14FD86C96}.Release|Win32.Build.0 = Release|Win32
		{924B075B-37E9-4997-B8C9-9BD14FD86C96}.MinSizeRel|Win32.ActiveCfg = MinSizeRel|Win32
		{924B075B-37E9-4997-B8C9-9BD14FD86C96}.MinSizeRel|Win32.Build.0 = MinSizeRel|Win32
		{924B075B-37E9-4997-B8C9-9BD14FD86C96}.RelWithDebInfo|Win32.ActiveCfg = RelWithDebInfo|Win32
		{924B075B-37E9-4997-B8C9-9BD14FD86C96}.RelWithDebInfo|Win32.Build.0 = RelWithDebInfo|Win32
		{A53BA48F-E7EF-4FF4-B8D5-3C8CC500F1CA}.Debug|Win32.ActiveCfg = Debug|Win32
		{A53BA48F-E7EF-4FF4-B8D5-3C8CC500F1CA}.Debug|Win32.Build.0 = Debug|Win32
		{A53BA48F-E7EF-4FF4-B8D5-3C8CC500F1CA}.Release|Win32.ActiveCfg = Release|Win32
		{A53BA48F-E7EF-4FF4-B8D5-3C8CC500F1CA}.Release|Win32.Build.0 = Release|Win32
		{A53BA48F-E7EF-4FF4-B8D5-3C8CC500F1CA}.MinSizeRel|Win32.ActiveCfg = MinSizeRel|Win32
		{A53BA48F-E7EF-4FF4-B8D5-3C8CC500F1CA}.MinSizeRel|Win32.Build.0 = MinSizeRel|Win32
		{A53BA48F-E7EF-4FF4-B8D5-3C8CC500F1CA}.RelWithDebInfo|Win32.ActiveCfg = RelWithDebInfo|Win32
		{A53BA48F-E7EF-4FF4-B8D5-3C8CC500F1CA}.RelWithDebInfo|Win32.Build.0 = RelWithDebInfo|Win32
		{9D8B2A0F-27B7-41AB-B505-38AB2FCCED5E}.Debug|Win32.ActiveCfg = Debug|Win32
		{9D8B2A0F-27B7-41AB-B505-38AB2FCCED5E}.Debug|Win32.Build.0 = Debug|Win32
		{9D8B2A0F-27B7-41AB-B505-38AB2FCCED5E}.Release|Win32.ActiveCfg = Release|Win32
		{9D8B2A0F-27B7-41AB-B505-38AB2FCCED5E}.Release|Win32.Build.0 = Release|Win32
		{9D8B2A0F-27B7-41AB-B505-38AB2FCCED5E}.MinSizeRel|Win32.ActiveCfg = MinSizeRel|Win32
		{9D8B2A0F-27B7-41AB-B505-38AB2FCCED5E}.MinSizeRel|Win32.Build.0 = MinSizeRel|Win32
		{9D8B2A0F-27B7-41AB-B505-38AB2FCCED5E}.RelWithDebInfo|Win32.ActiveCfg = RelWithDebInfo|Win32
		{9D8B2A0F-27B7-41AB-B505-38AB2FCCED5E}.RelWithDebInfo|Win32.Build.0 = RelWithDebInfo|Win32
		{A0B342F2-6C9E-4145-B03F-17E9CEA8E787}.Debug|Win32.ActiveCfg = Debug|Win32
		{A0B342F2-6C9E-4145-B03F-17E9CEA8E787}.Debug|Win32.Build.0 = Debug|Win32
		{A0B342F2-6C9E-4145-B03F-17E9CEA8E787}.Release|Win32.ActiveCfg = Release|Win32
		{A0B342F2-6C9E-4145-B03F-17E9CEA8E787}.Release|Win32.Build.0 = Release|Win32
		{A0B342F2-6C9E-4145-B03F-17E9CEA8E787}.MinSizeRel|Win32.ActiveCfg = MinSizeRel|Win32
		{A0B342F2-6C9E-4145-B03F-17E9CEA8E787}.MinSizeRel|Win32.Build.0 = MinSizeRel|Win32
		{A0B342F2-6C9E-4145-B03F-17E9CEA8E787}.RelWithDebInfo|Win32.ActiveCfg = RelWithDebInfo|Win32
		{A0B342F2-6C9E-4145-B03F-17E9CEA8E787}.RelWithDebInfo|Win32.Build.0 = RelWithDebInfo|Win32
		{D6F14FFB-D211-4059-9D72-D8FE23F9FD1F}.Debug|Win32.ActiveCfg = Debug|Win32
		{D6F14FFB-D211-4059-9D72-D8FE23F9FD1F}.Debug|Win32.Build.0 = Debug|Win32
		{D6F14FFB-D211-4059-9D72-D8FE23F9FD1F}.Release|Win32.ActiveCfg = Release|Win32
		{D6F14FFB-D211-4059-9D72-D8FE23F9FD1F}.Release|Win32.Build.0 = Release|Win32
		{D6F14FFB-D211-4059-9D72-D8FE23F9FD1F}.MinSizeRel|Win32.ActiveCfg = MinSizeRel|Win32
		{D6F14FFB-D211-4059-9D72-D8FE23F9FD1F}.MinSizeRel|Win32.Build.0 = MinSizeRel|Win32
		{D6F14FFB-D211-4059-9D72-D8FE23F9FD1F}.RelWithDebInfo|Win32.ActiveCfg = RelWithDebInfo|Win32
		{D6F14FFB-D211-4059-9D72-D8FE23F9FD1F}.RelWithDebInfo|Win32.Build.0 = RelWithDebInfo|Win32
		{8980E623-AB95-4EB2-8192-8EB627EF30FB}.Debug|Win32.ActiveCfg = Debug|Win32
		{8980E623-AB95-4EB2-8192-8EB627EF30FB}.Debug|Win32.Build.0 = Debug|Win32
		{8980E623-AB95-4EB2-8192-8EB627EF30FB}.Release|Win32.ActiveCfg = Release|Win32
		{8980E623-AB95-4EB2-8192-8EB627EF30FB}.Release|Win32.Build.0 = Release|Win32
		{8980E623-AB95-4EB2-8192-8EB627EF30FB}.MinSizeRel|Win32.ActiveCfg = MinSizeRel|Win32
		{8980E623-AB95-4EB2-8192-8EB627EF30FB}.MinSizeRel|Win32.Build.0 = MinSizeRel|Win32
		{8980E623-AB95-4EB2-8192-8EB627EF30FB}.RelWithDebInfo|Win32.ActiveCfg = RelWithDebInfo|Win32
		{8980E623-AB95-4EB2-8192-8EB627EF30FB}.RelWithDebInfo|Win32.Build.0 = RelWithDebInfo|Win32
		{41D7D650-25D4-4086-B7D1-A5841D75CA84}.Debug|Win32.ActiveCfg = Debug|Win32
		{41D7D650-25D4-4086-B7D1-A5841D75CA84}.Debug|Win32.Build.0 = Debug|Win32
		{41D7D650-25D4-4086-B7D1-A5841D75CA84}.Release|Win32.ActiveCfg = Release|Win32
		{41D7D650-25D4-4086-B7D1-A5841D75CA84}.Release|Win32.Build.0 = Release|Win32
		{41D7D650-25D4-4086-B7D1-A5841D75CA84}.MinSizeRel|Win32.ActiveCfg = MinSizeRel|Win32
		{41D7D650-25D4-4086-B7D1-A5841D75CA84}.MinSizeRel|Win32.Build.0 = MinSizeRel|Win32
		{41D7D650-25D4-4086-B7D1-A5841D75CA84}.RelWithDebInfo|Win32.ActiveCfg = RelWithDebInfo|Win32
		{41D7D650-25D4-4086-B7D1-A5841D75CA84}.RelWithDebInfo|Win32.Build.0 = RelWithDebInfo|Win32
		{37AA2591-8927-48D2-92E8-EBCE608AC1CD}.Debug|Win32.ActiveCfg = Debug|Win32
		{37AA2591-8927-48D2-92E8-EBCE608AC1CD}.Debug|Win32.Build.0 = Debug|Win32
		{37AA2591-8927-48D2-92E8-EBCE608AC1CD}.Release|Win32.ActiveCfg = Release|Win32
		{37AA2591-8927-48D2-92E8-EBCE608AC1CD}.Release|Win32.Build.0 = Release|Win32
		{37AA2591-8927-48D2-92E8-EBCE608AC1CD}.MinSizeRel|Win32.ActiveCfg = MinSizeRel|Win32
		{37AA2591-8927-48D2-92E8-EBCE608AC1CD}.MinSizeRel|Win32.Build.0 = MinSizeRel|Win32
		{37AA2591-8927-48D2-92E8-EBCE608AC1CD}.RelWithDebInfo|Win32.ActiveCfg = RelWithDebInfo|Win32
		{37AA2591-8927-48D2-92E8-EBCE608AC1CD}.RelWithDebInfo|Win32.Build.0 = RelWithDebInfo|Win32
		{E50014DE-F0CB-4D62-8775-C290B57EE471}.Debug|Win32.ActiveCfg = Debug|Win32
		{E50014DE-F0CB-4D62-8775-C290B57EE471}.Debug|Win32.Build.0 = Debug|Win32
		{E50014DE-F0CB-4D62-8775-C290B57EE471}.Release|Win32.ActiveCfg = Release|Win32
		{E50014DE-F0CB-4D62-8775-C290B57EE471}.Release|Win32.Build.0 = Release|Win32
		{E50014DE-F0CB-4D62-8775-C290B57EE471}.MinSizeRel|Win32.ActiveCfg = MinSizeRel|Win32
		{E50014DE-F0CB-4D62-8775-C290B57EE471}.MinSizeRel|Win32.Build.0 = MinSizeRel|Win32
		{E50014DE-F0CB-4D62-8775-C290B57EE471}.RelWithDebInfo|Win32.ActiveCfg = RelWithDebInfo|Win32
		{E50014DE-F0CB-4D62-8775-C290B57EE471}.RelWithDebInfo|Win32.Build.0 = RelWithDebInfo|Win32
		{F0CC8DCA-84EE-4D20-BDB2-66A2B0446F0D}.Debug|Win32.ActiveCfg = Debug|Win32
		{F0CC8DCA-84EE-4D20-BDB2-66A2B0446F0D}.Debug|Win32.Build.0 = Debug|Win32
		{F0CC8DCA-84EE-4D20-BDB2-66A2B0446F0D}.Release|Win32.ActiveCfg = Release|Win32
		{F0CC8DCA-84EE-4D20-BDB2-66A2B0446F0D}.Release|Win32.Build.0 = Release|Win32
		{F0CC8DCA-84EE-4D20-BDB2-66A2B0446F0D}.MinSizeRel|Win32.ActiveCfg = MinSizeRel|Win32
		{F0CC8DCA-84EE-4D20-BDB2-66A2B0446F0D}.MinSizeRel|Win32.Build.0 = MinSizeRel|Win32
		{F0CC8DCA-84EE-4D20-BDB2-66A2B0446F0D}.RelWithDebInfo|Win32.ActiveCfg = RelWithDebInfo|Win32
		{F0CC8DCA-84EE-4D20-BDB2-66A2B0446F0D}.RelWithDebInfo|Win32.Build.0 = RelWithDebInfo|Win32
		{56B25A54-464F-45C4-89B5-B0EBDCB87C25}.Debug|Win32.ActiveCfg = Debug|Win32
		{56B25A54-464F-45C4-89B5-B0EBDCB87C25}.Release|Win32.ActiveCfg = Release|Win32
		{56B25A54-464F-45C4-89B5-B0EBDCB87C25}.MinSizeRel|Win32.ActiveCfg = MinSizeRel|Win32
		{56B25A54-464F-45C4-89B5-B0EBDCB87C25}.RelWithDebInfo|Win32.ActiveCfg = RelWithDebInfo|Win32
		{41EABF95-5D2D-4D00-8DC5-2EC5B537CEBD}.Debug|Win32.ActiveCfg = Debug|Win32
		{41EABF95-5D2D-4D00-8DC5-2EC5B537CEBD}.Debug|Win32.Build.0 = Debug|Win32
		{41EABF95-5D2D-4D00-8DC5-2EC5B537CEBD}.Release|Win32.ActiveCfg = Release|Win32
		{41EABF95-5D2D-4D00-8DC5-2EC5B537CEBD}.Release|Win32.Build.0 = Release|Win32
		{41EABF95-5D2D-4D00-8DC5-2EC5B537CEBD}.MinSizeRel|Win32.ActiveCfg = MinSizeRel|Win32
		{41EABF95-5D2D-4D00-8DC5-2EC5B537CEBD}.MinSizeRel|Win32.Build.0 = MinSizeRel|Win32
		{41EABF95-5D2D-4D00-8DC5-2EC5B537CEBD}.RelWithDebInfo|Win32.ActiveCfg = RelWithDebInfo|Win32
		{41EABF95-5D2D-4D00-8DC5-2EC5B537CEBD}.RelWithDebInfo|Win32.Build.0 = RelWithDebInfo|Win32
		{08416400-EA92-41CE-BEEE-94C30EE91314}.Debug|Win32.ActiveCfg = Debug|Win32
		{08416400-EA92-41CE-BEEE-94C30EE91314}.Debug|Win32.Build.0 = Debug|Win32
		{08416400-EA92-41CE-BEEE-94C30EE91314}.Release|Win32.ActiveCfg = Release|Win32
		{08416400-EA92-41CE-BEEE-94C30EE91314}.Release|Win32.Build.0 = Release|Win32
		{08416400-EA92-41CE-BEEE-94C30EE91314}.MinSizeRel|Win32.ActiveCfg = MinSizeRel|Win32
		{08416400-EA92-41CE-BEEE-94C30EE91314}.MinSizeRel|Win32.Build.0 = MinSizeRel|Win32
		{08416400-EA92-41CE-BEEE-94C30EE91314}.RelWithDebInfo|Win32.ActiveCfg = RelWithDebInfo|Win32
		{08416400-EA92-41CE-BEEE-94C30EE91314}.RelWithDebInfo|Win32.Build.0 = RelWithDebInfo|Win32
		{FDBF27DA-F761-4B38-B691-0E0E5280E893}.Debug|Win32.ActiveCfg = Debug|Win32
		{FDBF27DA-F761-4B38-B691-0E0E5280E893}.Release|Win32.ActiveCfg = Release|Win32
		{FDBF27DA-F761-4B38-B691-0E0E5280E893}.MinSizeRel|Win32.ActiveCfg = MinSizeRel|Win32
		{FDBF27DA-F761-4B38-B691-0E0E5280E893}.RelWithDebInfo|Win32.ActiveCfg = RelWithDebInfo|Win32
		{C140571D-4A82-46EF-8E0E-B4223008B25F}.Debug|Win32.ActiveCfg = Debug|Win32
		{C140571D-4A82-46EF-8E0E-B4223008B25F}.Debug|Win32.Build.0 = Debug|Win32
		{C140571D-4A82-46EF-8E0E-B4223008B25F}.Release|Win32.ActiveCfg = Release|Win32
		{C140571D-4A82-46EF-8E0E-B4223008B25F}.Release|Win32.Build.0 = Release|Win32
		{C140571D-4A82-46EF-8E0E-B4223008B25F}.MinSizeRel|Win32.ActiveCfg = MinSizeRel|Win32
		{C140571D-4A82-46EF-8E0E-B4223008B25F}.MinSizeRel|Win32.Build.0 = MinSizeRel|Win32
		{C140571D-4A82-46EF-8E0E-B4223008B25F}.RelWithDebInfo|Win32.ActiveCfg = RelWithDebInfo|Win32
		{C140571D-4A82-46EF-8E0E-B4223008B25F}.RelWithDebInfo|Win32.Build.0 = RelWithDebInfo|Win32
		{B1D8A974-8445-487B-8598-9872C228940B}.Debug|Win32.ActiveCfg = Debug|Win32
		{B1D8A974-8445-487B-8598-9872C228940B}.Debug|Win32.Build.0 = Debug|Win32
		{B1D8A974-8445-487B-8598-9872C228940B}.Release|Win32.ActiveCfg = Release|Win32
		{B1D8A974-8445-487B-8598-9872C228940B}.Release|Win32.Build.0 = Release|Win32
		{B1D8A974-8445-487B-8598-9872C228940B}.MinSizeRel|Win32.ActiveCfg = MinSizeRel|Win32
		{B1D8A974-8445-487B-8598-9872C228940B}.MinSizeRel|Win32.Build.0 = MinSizeRel|Win32
		{B1D8A974-8445-487B-8598-9872C228940B}.RelWithDebInfo|Win32.ActiveCfg = RelWithDebInfo|Win32
		{B1D8A974-8445-487B-8598-9872C228940B}.RelWithDebInfo|Win32.Build.0 = RelWithDebInfo|Win32
		{EC8A1CD1-E6F6-4A75-A1FF-80AF1C17D035}.Debug|Win32.ActiveCfg = Debug|Win32
		{EC8A1CD1-E6F6-4A75-A1FF-80AF1C17D035}.Debug|Win32.Build.0 = Debug|Win32
		{EC8A1CD1-E6F6-4A75-A1FF-80AF1C17D035}.Release|Win32.ActiveCfg = Release|Win32
		{EC8A1CD1-E6F6-4A75-A1FF-80AF1C17D035}.Release|Win32.Build.0 = Release|Win32
		{EC8A1CD1-E6F6-4A75-A1FF-80AF1C17D035}.MinSizeRel|Win32.ActiveCfg = MinSizeRel|Win32
		{EC8A1CD1-E6F6-4A75-A1FF-80AF1C17D035}.MinSizeRel|Win32.Build.0 = MinSizeRel|Win32
		{EC8A1CD1-E6F6-4A75-A1FF-80AF1C17D035}.RelWithDebInfo|Win32.ActiveCfg = RelWithDebInfo|Win32
		{EC8A1CD1-E6F6-4A75-A1FF-80AF1C17D035}.RelWithDebInfo|Win32.Build.0 = RelWithDebInfo|Win32
		{A050F170-3368-4916-8125-EB27880F6307}.Debug|Win32.ActiveCfg = Debug|Win32
		{A050F170-3368-4916-8125-EB27880F6307}.Debug|Win32.Build.0 = Debug|Win32
		{A050F170-3368-4916-8125-EB27880F6307}.Release|Win32.ActiveCfg = Release|Win32
		{A050F170-3368-4916-8125-EB27880F6307}.Release|Win32.Build.0 = Release|Win32
		{A050F170-3368-4916-8125-EB27880F6307}.MinSizeRel|Win32.ActiveCfg = MinSizeRel|Win32
		{A050F170-3368-4916-8125-EB27880F6307}.MinSizeRel|Win32.Build.0 = MinSizeRel|Win32
		{A050F170-3368-4916-8125-EB27880F6307}.RelWithDebInfo|Win32.ActiveCfg = RelWithDebInfo|Win32
		{A050F170-3368-4916-8125-EB27880F6307}.RelWithDebInfo|Win32.Build.0 = RelWithDebInfo|Win32
		{079F1D87-BE1A-422D-81DF-4636D4F166C5}.Debug|Win32.ActiveCfg = Debug|Win32
		{079F1D87-BE1A-422D-81DF-4636D4F166C5}.Debug|Win32.Build.0 = Debug|Win32
		{079F1D87-BE1A-422D-81DF-4636D4F166C5}.Release|Win32.ActiveCfg = Release|Win32
		{079F1D87-BE1A-422D-81DF-4636D4F166C5}.Release|Win32.Build.0 = Release|Win32
		{079F1D87-BE1A-422D-81DF-4636D4F166C5}.MinSizeRel|Win32.ActiveCfg = MinSizeRel|Win32
		{079F1D87-BE1A-422D-81DF-4636D4F166C5}.MinSizeRel|Win32.Build.0 = MinSizeRel|Win32
		{079F1D87-BE1A-422D-81DF-4636D4F166C5}.RelWithDebInfo|Win32.ActiveCfg = RelWithDebInfo|Win32
		{079F1D87-BE1A-422D-81DF-4636D4F166C5}.RelWithDebInfo|Win32.Build.0 = RelWithDebInfo|Win32
		{7EC3C9A0-08B8-4C4C-8CE5-992F23E8BC68}.Debug|Win32.ActiveCfg = Debug|Win32
		{7EC3C9A0-08B8-4C4C-8CE5-992F23E8BC68}.Debug|Win32.Build.0 = Debug|Win32
		{7EC3C9A0-08B8-4C4C-8CE5-992F23E8BC68}.Release|Win32.ActiveCfg = Release|Win32
		{7EC3C9A0-08B8-4C4C-8CE5-992F23E8BC68}.Release|Win32.Build.0 = Release|Win32
		{7EC3C9A0-08B8-4C4C-8CE5-992F23E8BC68}.MinSizeRel|Win32.ActiveCfg = MinSizeRel|Win32
		{7EC3C9A0-08B8-4C4C-8CE5-992F23E8BC68}.MinSizeRel|Win32.Build.0 = MinSizeRel|Win32
		{7EC3C9A0-08B8-4C4C-8CE5-992F23E8BC68}.RelWithDebInfo|Win32.ActiveCfg = RelWithDebInfo|Win32
		{7EC3C9A0-08B8-4C4C-8CE5-992F23E8BC68}.RelWithDebInfo|Win32.Build.0 = RelWithDebInfo|Win32
		{87D268FD-9954-4F10-A40B-AB1DAF49B479}.Debug|Win32.ActiveCfg = Debug|Win32
		{87D268FD-9954-4F10-A40B-AB1DAF49B479}.Debug|Win32.Build.0 = Debug|Win32
		{87D268FD-9954-4F10-A40B-AB1DAF49B479}.Release|Win32.ActiveCfg = Release|Win32
		{87D268FD-9954-4F10-A40B-AB1DAF49B479}.Release|Win32.Build.0 = Release|Win32
		{87D268FD-9954-4F10-A40B-AB1DAF49B479}.MinSizeRel|Win32.ActiveCfg = MinSizeRel|Win32
		{87D268FD-9954-4F10-A40B-AB1DAF49B479}.MinSizeRel|Win32.Build.0 = MinSizeRel|Win32
		{87D268FD-9954-4F10-A40B-AB1DAF49B479}.RelWithDebInfo|Win32.ActiveCfg = RelWithDebInfo|Win32
		{87D268FD-9954-4F10-A40B-AB1DAF49B479}.RelWithDebInfo|Win32.Build.0 = RelWithDebInfo|Win32
		{90C7DAEA-7714-4B43-B034-8342E4E0D363}.Debug|Win32.ActiveCfg = Debug|Win32
		{90C7DAEA-7714-4B43-B034-8342E4E0D363}.Debug|Win32.Build.0 = Debug|Win32
		{90C7DAEA-7714-4B43-B034-8342E4E0D363}.Release|Win32.ActiveCfg = Release|Win32
		{90C7DAEA-7714-4B43-B034-8342E4E0D363}.Release|Win32.Build.0 = Release|Win32
		{90C7DAEA-7714-4B43-B034-8342E4E0D363}.MinSizeRel|Win32.ActiveCfg = MinSizeRel|Win32
		{90C7DAEA-7714-4B43-B034-8342E4E0D363}.MinSizeRel|Win32.Build.0 = MinSizeRel|Win32
		{90C7DAEA-7714-4B43-B034-8342E4E0D363}.RelWithDebInfo|Win32.ActiveCfg = RelWithDebInfo|Win32
		{90C7DAEA-7714-4B43-B034-8342E4E0D363}.RelWithDebInfo|Win32.Build.0 = RelWithDebInfo|Win32
		{BA7FDE60-94A4-4EB3-B985-0A8BE2E967EC}.Debug|Win32.ActiveCfg = Debug|Win32
		{BA7FDE60-94A4-4EB3-B985-0A8BE2E967EC}.Debug|Win32.Build.0 = Debug|Win32
		{BA7FDE60-94A4-4EB3-B985-0A8BE2E967EC}.Release|Win32.ActiveCfg = Release|Win32
		{BA7FDE60-94A4-4EB3-B985-0A8BE2E967EC}.Release|Win32.Build.0 = Release|Win32
		{BA7FDE60-94A4-4EB3-B985-0A8BE2E967EC}.MinSizeRel|Win32.ActiveCfg = MinSizeRel|Win32
		{BA7FDE60-94A4-4EB3-B985-0A8BE2E967EC}.MinSizeRel|Win32.Build.0 = MinSizeRel|Win32
		{BA7FDE60-94A4-4EB3-B985-0A8BE2E967EC}.RelWithDebInfo|Win32.ActiveCfg = RelWithDebInfo|Win32
		{BA7FDE60-94A4-4EB3-B985-0A8BE2E967EC}.RelWithDebInfo|Win32.Build.0 = RelWithDebInfo|Win32
	EndGlobalSection
	GlobalSection(ExtensibilityGlobals) = postSolution
	EndGlobalSection
	GlobalSection(ExtensibilityAddIns) = postSolution
	EndGlobalSection
EndGlobal
